dependencies:
- name: node
  repository: https://charts.bitnami.com/bitnami
  version: 18.1.17
- name: node
  repository: https://charts.bitnami.com/bitnami
  version: 18.1.17
- name: grafana
  repository: https://charts.bitnami.com/bitnami
  version: 8.1.0
- name: jitsi-meet
  repository: https://jitsi-contrib.github.io/jitsi-helm/
  version: 1.2.2
- name: redis-cluster
  repository: https://charts.bitnami.com/bitnami
  version: 7.1.0
- name: keycloak
  repository: https://charts.bitnami.com/bitnami
  version: 9.6.1
- name: common
  repository: https://charts.bitnami.com/bitnami
  version: 1.17.1
digest: sha256:c069a172aab73ce729d4008f0fd95cb638cfb5a216782e0dc43658cfd9d6bbc8
generated: "2022-11-28T00:21:45.94301525+01:00"
